
Microsoft Visual Studio Solution File, Format Version 12.00
# Visual Studio Version 17
VisualStudioVersion = 17.4.33205.214
MinimumVisualStudioVersion = 10.0.40219.1
Project("{9A19103F-16F7-4668-BE54-9A1E7A4F7556}") = "Sicoob.PIX.Testes", "Sicoob.PIX.Testes\Sicoob.PIX.Testes.csproj", "{F4E1E8D3-9690-48C0-BDAB-8E89C6486BA1}"
EndProject
Project("{9A19103F-16F7-4668-BE54-9A1E7A4F7556}") = "Sicoob.PIX.Lib", "Sicoob.PIX.Lib\Sicoob.PIX.Lib.csproj", "{31571823-D5E5-4F24-8A33-33006862268F}"
EndProject
Project("{9A19103F-16F7-4668-BE54-9A1E7A4F7556}") = "Sicoob.Shared.UnitTest", "Sicoob.Shared.UnitTest\Sicoob.Shared.UnitTest.csproj", "{C796024A-477D-460A-B511-D6188415FFA2}"
EndProject
Project("{9A19103F-16F7-4668-BE54-9A1E7A4F7556}") = "Sicoob.Shared", "Sicoob.Shared\Sicoob.Shared.csproj", "{0466318D-33CF-46ED-8466-3809F01A97C3}"
EndProject
Project("{FAE04EC0-301F-11D3-BF4B-00C04F79EFBC}") = "Sicoob.PIX.UnitTest", "Sicoob.PIX.UnitTest\Sicoob.PIX.UnitTest.csproj", "{4C140134-CF64-4104-82CA-5A09AD0E2AF5}"
EndProject
Global
	GlobalSection(SolutionConfigurationPlatforms) = preSolution
		Debug|Any CPU = Debug|Any CPU
		Release|Any CPU = Release|Any CPU
	EndGlobalSection
	GlobalSection(ProjectConfigurationPlatforms) = postSolution
		{F4E1E8D3-9690-48C0-BDAB-8E89C6486BA1}.Debug|Any CPU.ActiveCfg = Debug|Any CPU
		{F4E1E8D3-9690-48C0-BDAB-8E89C6486BA1}.Debug|Any CPU.Build.0 = Debug|Any CPU
		{F4E1E8D3-9690-48C0-BDAB-8E89C6486BA1}.Release|Any CPU.ActiveCfg = Release|Any CPU
		{F4E1E8D3-9690-48C0-BDAB-8E89C6486BA1}.Release|Any CPU.Build.0 = Release|Any CPU
		{31571823-D5E5-4F24-8A33-33006862268F}.Debug|Any CPU.ActiveCfg = Debug|Any CPU
		{31571823-D5E5-4F24-8A33-33006862268F}.Debug|Any CPU.Build.0 = Debug|Any CPU
		{31571823-D5E5-4F24-8A33-33006862268F}.Release|Any CPU.ActiveCfg = Release|Any CPU
		{31571823-D5E5-4F24-8A33-33006862268F}.Release|Any CPU.Build.0 = Release|Any CPU
		{C796024A-477D-460A-B511-D6188415FFA2}.Debug|Any CPU.ActiveCfg = Debug|Any CPU
		{C796024A-477D-460A-B511-D6188415FFA2}.Debug|Any CPU.Build.0 = Debug|Any CPU
		{C796024A-477D-460A-B511-D6188415FFA2}.Release|Any CPU.ActiveCfg = Release|Any CPU
		{C796024A-477D-460A-B511-D6188415FFA2}.Release|Any CPU.Build.0 = Release|Any CPU
		{0466318D-33CF-46ED-8466-3809F01A97C3}.Debug|Any CPU.ActiveCfg = Debug|Any CPU
		{0466318D-33CF-46ED-8466-3809F01A97C3}.Debug|Any CPU.Build.0 = Debug|Any CPU
		{0466318D-33CF-46ED-8466-3809F01A97C3}.Release|Any CPU.ActiveCfg = Release|Any CPU
		{0466318D-33CF-46ED-8466-3809F01A97C3}.Release|Any CPU.Build.0 = Release|Any CPU
		{4C140134-CF64-4104-82CA-5A09AD0E2AF5}.Debug|Any CPU.ActiveCfg = Debug|Any CPU
		{4C140134-CF64-4104-82CA-5A09AD0E2AF5}.Debug|Any CPU.Build.0 = Debug|Any CPU
		{4C140134-CF64-4104-82CA-5A09AD0E2AF5}.Release|Any CPU.ActiveCfg = Release|Any CPU
		{4C140134-CF64-4104-82CA-5A09AD0E2AF5}.Release|Any CPU.Build.0 = Release|Any CPU
	EndGlobalSection
	GlobalSection(SolutionProperties) = preSolution
		HideSolutionNode = FALSE
	EndGlobalSection
	GlobalSection(ExtensibilityGlobals) = postSolution
		SolutionGuid = {C17C26FE-7CDA-4B64-8800-D67A134E6C45}
	EndGlobalSection
EndGlobal
